
Microsoft Visual Studio Solution File, Format Version 12.00
# Visual Studio Version 16
VisualStudioVersion = 16.0.31019.35
MinimumVisualStudioVersion = 10.0.40219.1
Project("{FAE04EC0-301F-11D3-BF4B-00C04F79EFBC}") = "Valid Anagram", "Valid Anagram\Valid Anagram.csproj", "{CFF9AA77-116B-4633-82A0-55D6541C5D15}"
EndProject
Global
	GlobalSection(SolutionConfigurationPlatforms) = preSolution
		Debug|Any CPU = Debug|Any CPU
		Release|Any CPU = Release|Any CPU
	EndGlobalSection
	GlobalSection(ProjectConfigurationPlatforms) = postSolution
		{CFF9AA77-116B-4633-82A0-55D6541C5D15}.Debug|Any CPU.ActiveCfg = Debug|Any CPU
		{CFF9AA77-116B-4633-82A0-55D6541C5D15}.Debug|Any CPU.Build.0 = Debug|Any CPU
		{CFF9AA77-116B-4633-82A0-55D6541C5D15}.Release|Any CPU.ActiveCfg = Release|Any CPU
		{CFF9AA77-116B-4633-82A0-55D6541C5D15}.Release|Any CPU.Build.0 = Release|Any CPU
	EndGlobalSection
	GlobalSection(SolutionProperties) = preSolution
		HideSolutionNode = FALSE
	EndGlobalSection
	GlobalSection(ExtensibilityGlobals) = postSolution
		SolutionGuid = {830DA611-04DB-4CDB-91C5-FCBBEC6D450A}
	EndGlobalSection
EndGlobal
